// !$*UTF8*$!
{
	archiveVersion = 1;
	classes = {
	};
	objectVersion = 46;
	objects = {

/* Begin PBXBuildFile section */
		8F3B488B1F264DA300840349 /* WeeklyDetailViewController.m in Sources */ = {isa = PBXBuildFile; fileRef = 8F3B488A1F264DA300840349 /* WeeklyDetailViewController.m */; };
		8F3B488E1F265C2B00840349 /* WeeklyDetailCell.m in Sources */ = {isa = PBXBuildFile; fileRef = 8F3B488D1F265C2B00840349 /* WeeklyDetailCell.m */; };
		8F3D0D411F2474FB00326839 /* CoreLocation.framework in Frameworks */ = {isa = PBXBuildFile; fileRef = 8F3D0D401F2474FB00326839 /* CoreLocation.framework */; };
		8F3D0D471F247F8900326839 /* CityWeatherCell.m in Sources */ = {isa = PBXBuildFile; fileRef = 8F3D0D461F247F8900326839 /* CityWeatherCell.m */; };
		8F7F52AF1F2329E6007D709C /* WeatherData.m in Sources */ = {isa = PBXBuildFile; fileRef = 8F7F52AE1F2329E6007D709C /* WeatherData.m */; };
		8F7F52B21F235473007D709C /* WeatherAPI.m in Sources */ = {isa = PBXBuildFile; fileRef = 8F7F52B11F235473007D709C /* WeatherAPI.m */; };
		8F8FDCEF1F25A33C009988B9 /* WeatherInfoView.m in Sources */ = {isa = PBXBuildFile; fileRef = 8F8FDCEE1F25A33C009988B9 /* WeatherInfoView.m */; };
		8F8FDCF11F25A34B009988B9 /* WeatherInfoView.xib in Resources */ = {isa = PBXBuildFile; fileRef = 8F8FDCF01F25A34B009988B9 /* WeatherInfoView.xib */; };
		8FB5DDD21F243156000F78B3 /* MapKit.framework in Frameworks */ = {isa = PBXBuildFile; fileRef = 8FB5DDD11F243156000F78B3 /* MapKit.framework */; };
		8FB5DDD51F2433FE000F78B3 /* LocationViewController.m in Sources */ = {isa = PBXBuildFile; fileRef = 8FB5DDD41F2433FE000F78B3 /* LocationViewController.m */; };
		8FE56EC91F2203E4000156C9 /* main.m in Sources */ = {isa = PBXBuildFile; fileRef = 8FE56EC81F2203E4000156C9 /* main.m */; };
		8FE56ECC1F2203E4000156C9 /* AppDelegate.m in Sources */ = {isa = PBXBuildFile; fileRef = 8FE56ECB1F2203E4000156C9 /* AppDelegate.m */; };
		8FE56ED21F2203E4000156C9 /* Main.storyboard in Resources */ = {isa = PBXBuildFile; fileRef = 8FE56ED01F2203E4000156C9 /* Main.storyboard */; };
		8FE56ED51F2203E4000156C9 /* weatherRadio.xcdatamodeld in Sources */ = {isa = PBXBuildFile; fileRef = 8FE56ED31F2203E4000156C9 /* weatherRadio.xcdatamodeld */; };
		8FE56ED71F2203E4000156C9 /* Assets.xcassets in Resources */ = {isa = PBXBuildFile; fileRef = 8FE56ED61F2203E4000156C9 /* Assets.xcassets */; };
		8FE56EDA1F2203E4000156C9 /* LaunchScreen.storyboard in Resources */ = {isa = PBXBuildFile; fileRef = 8FE56ED81F2203E4000156C9 /* LaunchScreen.storyboard */; };
		8FE56EE51F2203E4000156C9 /* weatherRadioTests.m in Sources */ = {isa = PBXBuildFile; fileRef = 8FE56EE41F2203E4000156C9 /* weatherRadioTests.m */; };
/* End PBXBuildFile section */

/* Begin PBXContainerItemProxy section */
		8FE56EE11F2203E4000156C9 /* PBXContainerItemProxy */ = {
			isa = PBXContainerItemProxy;
			containerPortal = 8FE56EBC1F2203E4000156C9 /* Project object */;
			proxyType = 1;
			remoteGlobalIDString = 8FE56EC31F2203E4000156C9;
			remoteInfo = weatherRadio;
		};
/* End PBXContainerItemProxy section */

/* Begin PBXFileReference section */
		8F0A977B1F239CB0004BADF8 /* WeatherAPI.h */ = {isa = PBXFileReference; lastKnownFileType = sourcecode.c.h; path = WeatherAPI.h; sourceTree = "<group>"; };
		8F3B48891F264DA300840349 /* WeeklyDetailViewController.h */ = {isa = PBXFileReference; fileEncoding = 4; lastKnownFileType = sourcecode.c.h; path = WeeklyDetailViewController.h; sourceTree = "<group>"; };
		8F3B488A1F264DA300840349 /* WeeklyDetailViewController.m */ = {isa = PBXFileReference; fileEncoding = 4; lastKnownFileType = sourcecode.c.objc; path = WeeklyDetailViewController.m; sourceTree = "<group>"; };
		8F3B488C1F265C2B00840349 /* WeeklyDetailCell.h */ = {isa = PBXFileReference; fileEncoding = 4; lastKnownFileType = sourcecode.c.h; path = WeeklyDetailCell.h; sourceTree = "<group>"; };
		8F3B488D1F265C2B00840349 /* WeeklyDetailCell.m */ = {isa = PBXFileReference; fileEncoding = 4; lastKnownFileType = sourcecode.c.objc; path = WeeklyDetailCell.m; sourceTree = "<group>"; };
		8F3D0D401F2474FB00326839 /* CoreLocation.framework */ = {isa = PBXFileReference; lastKnownFileType = wrapper.framework; name = CoreLocation.framework; path = System/Library/Frameworks/CoreLocation.framework; sourceTree = SDKROOT; };
		8F3D0D451F247F8900326839 /* CityWeatherCell.h */ = {isa = PBXFileReference; fileEncoding = 4; lastKnownFileType = sourcecode.c.h; path = CityWeatherCell.h; sourceTree = "<group>"; };
		8F3D0D461F247F8900326839 /* CityWeatherCell.m */ = {isa = PBXFileReference; fileEncoding = 4; lastKnownFileType = sourcecode.c.objc; path = CityWeatherCell.m; sourceTree = "<group>"; };
		8F7F52AE1F2329E6007D709C /* WeatherData.m */ = {isa = PBXFileReference; fileEncoding = 4; lastKnownFileType = sourcecode.c.objc; path = WeatherData.m; sourceTree = "<group>"; };
		8F7F52B01F232A22007D709C /* WeatherData.h */ = {isa = PBXFileReference; lastKnownFileType = sourcecode.c.h; path = WeatherData.h; sourceTree = "<group>"; };
		8F7F52B11F235473007D709C /* WeatherAPI.m */ = {isa = PBXFileReference; fileEncoding = 4; lastKnownFileType = sourcecode.c.objc; path = WeatherAPI.m; sourceTree = "<group>"; };
		8F8FDCED1F25A33C009988B9 /* WeatherInfoView.h */ = {isa = PBXFileReference; fileEncoding = 4; lastKnownFileType = sourcecode.c.h; path = WeatherInfoView.h; sourceTree = "<group>"; };
		8F8FDCEE1F25A33C009988B9 /* WeatherInfoView.m */ = {isa = PBXFileReference; fileEncoding = 4; lastKnownFileType = sourcecode.c.objc; path = WeatherInfoView.m; sourceTree = "<group>"; };
		8F8FDCF01F25A34B009988B9 /* WeatherInfoView.xib */ = {isa = PBXFileReference; fileEncoding = 4; lastKnownFileType = file.xib; path = WeatherInfoView.xib; sourceTree = "<group>"; };
		8FB5DDD11F243156000F78B3 /* MapKit.framework */ = {isa = PBXFileReference; lastKnownFileType = wrapper.framework; name = MapKit.framework; path = System/Library/Frameworks/MapKit.framework; sourceTree = SDKROOT; };
		8FB5DDD31F2433FE000F78B3 /* LocationViewController.h */ = {isa = PBXFileReference; fileEncoding = 4; lastKnownFileType = sourcecode.c.h; path = LocationViewController.h; sourceTree = "<group>"; };
		8FB5DDD41F2433FE000F78B3 /* LocationViewController.m */ = {isa = PBXFileReference; fileEncoding = 4; lastKnownFileType = sourcecode.c.objc; path = LocationViewController.m; sourceTree = "<group>"; };
		8FE56EC41F2203E4000156C9 /* weatherRadio.app */ = {isa = PBXFileReference; explicitFileType = wrapper.application; includeInIndex = 0; path = weatherRadio.app; sourceTree = BUILT_PRODUCTS_DIR; };
		8FE56EC81F2203E4000156C9 /* main.m */ = {isa = PBXFileReference; lastKnownFileType = sourcecode.c.objc; path = main.m; sourceTree = "<group>"; };
		8FE56ECA1F2203E4000156C9 /* AppDelegate.h */ = {isa = PBXFileReference; lastKnownFileType = sourcecode.c.h; path = AppDelegate.h; sourceTree = "<group>"; };
		8FE56ECB1F2203E4000156C9 /* AppDelegate.m */ = {isa = PBXFileReference; lastKnownFileType = sourcecode.c.objc; path = AppDelegate.m; sourceTree = "<group>"; };
		8FE56ED11F2203E4000156C9 /* Base */ = {isa = PBXFileReference; lastKnownFileType = file.storyboard; name = Base; path = Base.lproj/Main.storyboard; sourceTree = "<group>"; };
		8FE56ED41F2203E4000156C9 /* weatherRadio.xcdatamodel */ = {isa = PBXFileReference; lastKnownFileType = wrapper.xcdatamodel; path = weatherRadio.xcdatamodel; sourceTree = "<group>"; };
		8FE56ED61F2203E4000156C9 /* Assets.xcassets */ = {isa = PBXFileReference; lastKnownFileType = folder.assetcatalog; path = Assets.xcassets; sourceTree = "<group>"; };
		8FE56ED91F2203E4000156C9 /* Base */ = {isa = PBXFileReference; lastKnownFileType = file.storyboard; name = Base; path = Base.lproj/LaunchScreen.storyboard; sourceTree = "<group>"; };
		8FE56EDB1F2203E4000156C9 /* Info.plist */ = {isa = PBXFileReference; lastKnownFileType = text.plist.xml; path = Info.plist; sourceTree = "<group>"; };
		8FE56EE01F2203E4000156C9 /* weatherRadioTests.xctest */ = {isa = PBXFileReference; explicitFileType = wrapper.cfbundle; includeInIndex = 0; path = weatherRadioTests.xctest; sourceTree = BUILT_PRODUCTS_DIR; };
		8FE56EE41F2203E4000156C9 /* weatherRadioTests.m */ = {isa = PBXFileReference; lastKnownFileType = sourcecode.c.objc; path = weatherRadioTests.m; sourceTree = "<group>"; };
		8FE56EE61F2203E4000156C9 /* Info.plist */ = {isa = PBXFileReference; lastKnownFileType = text.plist.xml; path = Info.plist; sourceTree = "<group>"; };
/* End PBXFileReference section */

/* Begin PBXFrameworksBuildPhase section */
		8FE56EC11F2203E4000156C9 /* Frameworks */ = {
			isa = PBXFrameworksBuildPhase;
			buildActionMask = 2147483647;
			files = (
				8F3D0D411F2474FB00326839 /* CoreLocation.framework in Frameworks */,
				8FB5DDD21F243156000F78B3 /* MapKit.framework in Frameworks */,
			);
			runOnlyForDeploymentPostprocessing = 0;
		};
		8FE56EDD1F2203E4000156C9 /* Frameworks */ = {
			isa = PBXFrameworksBuildPhase;
			buildActionMask = 2147483647;
			files = (
			);
			runOnlyForDeploymentPostprocessing = 0;
		};
/* End PBXFrameworksBuildPhase section */

/* Begin PBXGroup section */
		8FB5DDD01F243156000F78B3 /* Frameworks */ = {
			isa = PBXGroup;
			children = (
				8F3D0D401F2474FB00326839 /* CoreLocation.framework */,
				8FB5DDD11F243156000F78B3 /* MapKit.framework */,
			);
			name = Frameworks;
			sourceTree = "<group>";
		};
		8FE56EBB1F2203E4000156C9 = {
			isa = PBXGroup;
			children = (
				8FE56EC61F2203E4000156C9 /* weatherRadio */,
				8FE56EE31F2203E4000156C9 /* weatherRadioTests */,
				8FE56EC51F2203E4000156C9 /* Products */,
				8FB5DDD01F243156000F78B3 /* Frameworks */,
			);
			sourceTree = "<group>";
		};
		8FE56EC51F2203E4000156C9 /* Products */ = {
			isa = PBXGroup;
			children = (
				8FE56EC41F2203E4000156C9 /* weatherRadio.app */,
				8FE56EE01F2203E4000156C9 /* weatherRadioTests.xctest */,
			);
			name = Products;
			sourceTree = "<group>";
		};
		8FE56EC61F2203E4000156C9 /* weatherRadio */ = {
			isa = PBXGroup;
			children = (
				8FE56ECA1F2203E4000156C9 /* AppDelegate.h */,
				8FE56ECB1F2203E4000156C9 /* AppDelegate.m */,
				8FE56ED01F2203E4000156C9 /* Main.storyboard */,
				8FE56ED61F2203E4000156C9 /* Assets.xcassets */,
				8FE56EDB1F2203E4000156C9 /* Info.plist */,
				8FE56ED31F2203E4000156C9 /* weatherRadio.xcdatamodeld */,
				8FE56ED81F2203E4000156C9 /* LaunchScreen.storyboard */,
				8FE56EC71F2203E4000156C9 /* Supporting Files */,
				8F7F52B01F232A22007D709C /* WeatherData.h */,
				8F7F52AE1F2329E6007D709C /* WeatherData.m */,
				8F0A977B1F239CB0004BADF8 /* WeatherAPI.h */,
				8F7F52B11F235473007D709C /* WeatherAPI.m */,
				8FB5DDD31F2433FE000F78B3 /* LocationViewController.h */,
				8FB5DDD41F2433FE000F78B3 /* LocationViewController.m */,
				8F3D0D451F247F8900326839 /* CityWeatherCell.h */,
				8F3D0D461F247F8900326839 /* CityWeatherCell.m */,
				8F8FDCED1F25A33C009988B9 /* WeatherInfoView.h */,
				8F8FDCEE1F25A33C009988B9 /* WeatherInfoView.m */,
				8F8FDCF01F25A34B009988B9 /* WeatherInfoView.xib */,
				8F3B48891F264DA300840349 /* WeeklyDetailViewController.h */,
				8F3B488A1F264DA300840349 /* WeeklyDetailViewController.m */,
				8F3B488C1F265C2B00840349 /* WeeklyDetailCell.h */,
				8F3B488D1F265C2B00840349 /* WeeklyDetailCell.m */,
			);
			path = weatherRadio;
			sourceTree = "<group>";
		};
		8FE56EC71F2203E4000156C9 /* Supporting Files */ = {
			isa = PBXGroup;
			children = (
				8FE56EC81F2203E4000156C9 /* main.m */,
			);
			name = "Supporting Files";
			sourceTree = "<group>";
		};
		8FE56EE31F2203E4000156C9 /* weatherRadioTests */ = {
			isa = PBXGroup;
			children = (
				8FE56EE41F2203E4000156C9 /* weatherRadioTests.m */,
				8FE56EE61F2203E4000156C9 /* Info.plist */,
			);
			path = weatherRadioTests;
			sourceTree = "<group>";
		};
/* End PBXGroup section */

/* Begin PBXNativeTarget section */
		8FE56EC31F2203E4000156C9 /* weatherRadio */ = {
			isa = PBXNativeTarget;
			buildConfigurationList = 8FE56EE91F2203E4000156C9 /* Build configuration list for PBXNativeTarget "weatherRadio" */;
			buildPhases = (
				8FE56EC01F2203E4000156C9 /* Sources */,
				8FE56EC11F2203E4000156C9 /* Frameworks */,
				8FE56EC21F2203E4000156C9 /* Resources */,
			);
			buildRules = (
			);
			dependencies = (
			);
			name = weatherRadio;
			productName = weatherRadio;
			productReference = 8FE56EC41F2203E4000156C9 /* weatherRadio.app */;
			productType = "com.apple.product-type.application";
		};
		8FE56EDF1F2203E4000156C9 /* weatherRadioTests */ = {
			isa = PBXNativeTarget;
			buildConfigurationList = 8FE56EEC1F2203E4000156C9 /* Build configuration list for PBXNativeTarget "weatherRadioTests" */;
			buildPhases = (
				8FE56EDC1F2203E4000156C9 /* Sources */,
				8FE56EDD1F2203E4000156C9 /* Frameworks */,
				8FE56EDE1F2203E4000156C9 /* Resources */,
			);
			buildRules = (
			);
			dependencies = (
				8FE56EE21F2203E4000156C9 /* PBXTargetDependency */,
			);
			name = weatherRadioTests;
			productName = weatherRadioTests;
			productReference = 8FE56EE01F2203E4000156C9 /* weatherRadioTests.xctest */;
			productType = "com.apple.product-type.bundle.unit-test";
		};
/* End PBXNativeTarget section */

/* Begin PBXProject section */
		8FE56EBC1F2203E4000156C9 /* Project object */ = {
			isa = PBXProject;
			attributes = {
				LastUpgradeCheck = 0830;
				ORGANIZATIONNAME = Backman;
				TargetAttributes = {
					8FE56EC31F2203E4000156C9 = {
						CreatedOnToolsVersion = 8.3.3;
						DevelopmentTeam = 989RB4SH37;
						ProvisioningStyle = Automatic;
					};
					8FE56EDF1F2203E4000156C9 = {
						CreatedOnToolsVersion = 8.3.3;
						DevelopmentTeam = 989RB4SH37;
						ProvisioningStyle = Automatic;
						TestTargetID = 8FE56EC31F2203E4000156C9;
					};
				};
			};
			buildConfigurationList = 8FE56EBF1F2203E4000156C9 /* Build configuration list for PBXProject "weatherRadio" */;
			compatibilityVersion = "Xcode 3.2";
			developmentRegion = English;
			hasScannedForEncodings = 0;
			knownRegions = (
				en,
				Base,
			);
			mainGroup = 8FE56EBB1F2203E4000156C9;
			productRefGroup = 8FE56EC51F2203E4000156C9 /* Products */;
			projectDirPath = "";
			projectRoot = "";
			targets = (
				8FE56EC31F2203E4000156C9 /* weatherRadio */,
				8FE56EDF1F2203E4000156C9 /* weatherRadioTests */,
			);
		};
/* End PBXProject section */

/* Begin PBXResourcesBuildPhase section */
		8FE56EC21F2203E4000156C9 /* Resources */ = {
			isa = PBXResourcesBuildPhase;
			buildActionMask = 2147483647;
			files = (
				8FE56EDA1F2203E4000156C9 /* LaunchScreen.storyboard in Resources */,
				8FE56ED71F2203E4000156C9 /* Assets.xcassets in Resources */,
				8FE56ED21F2203E4000156C9 /* Main.storyboard in Resources */,
				8F8FDCF11F25A34B009988B9 /* WeatherInfoView.xib in Resources */,
			);
			runOnlyForDeploymentPostprocessing = 0;
		};
		8FE56EDE1F2203E4000156C9 /* Resources */ = {
			isa = PBXResourcesBuildPhase;
			buildActionMask = 2147483647;
			files = (
			);
			runOnlyForDeploymentPostprocessing = 0;
		};
/* End PBXResourcesBuildPhase section */

/* Begin PBXSourcesBuildPhase section */
		8FE56EC01F2203E4000156C9 /* Sources */ = {
			isa = PBXSourcesBuildPhase;
			buildActionMask = 2147483647;
			files = (
				8F3B488B1F264DA300840349 /* WeeklyDetailViewController.m in Sources */,
				8F7F52AF1F2329E6007D709C /* WeatherData.m in Sources */,
				8F7F52B21F235473007D709C /* WeatherAPI.m in Sources */,
				8F8FDCEF1F25A33C009988B9 /* WeatherInfoView.m in Sources */,
				8FB5DDD51F2433FE000F78B3 /* LocationViewController.m in Sources */,
				8F3B488E1F265C2B00840349 /* WeeklyDetailCell.m in Sources */,
				8FE56ED51F2203E4000156C9 /* weatherRadio.xcdatamodeld in Sources */,
				8F3D0D471F247F8900326839 /* CityWeatherCell.m in Sources */,
				8FE56ECC1F2203E4000156C9 /* AppDelegate.m in Sources */,
				8FE56EC91F2203E4000156C9 /* main.m in Sources */,
			);
			runOnlyForDeploymentPostprocessing = 0;
		};
		8FE56EDC1F2203E4000156C9 /* Sources */ = {
			isa = PBXSourcesBuildPhase;
			buildActionMask = 2147483647;
			files = (
				8FE56EE51F2203E4000156C9 /* weatherRadioTests.m in Sources */,
			);
			runOnlyForDeploymentPostprocessing = 0;
		};
/* End PBXSourcesBuildPhase section */

/* Begin PBXTargetDependency section */
		8FE56EE21F2203E4000156C9 /* PBXTargetDependency */ = {
			isa = PBXTargetDependency;
			target = 8FE56EC31F2203E4000156C9 /* weatherRadio */;
			targetProxy = 8FE56EE11F2203E4000156C9 /* PBXContainerItemProxy */;
		};
/* End PBXTargetDependency section */

/* Begin PBXVariantGroup section */
		8FE56ED01F2203E4000156C9 /* Main.storyboard */ = {
			isa = PBXVariantGroup;
			children = (
				8FE56ED11F2203E4000156C9 /* Base */,
			);
			name = Main.storyboard;
			sourceTree = "<group>";
		};
		8FE56ED81F2203E4000156C9 /* LaunchScreen.storyboard */ = {
			isa = PBXVariantGroup;
			children = (
				8FE56ED91F2203E4000156C9 /* Base */,
			);
			name = LaunchScreen.storyboard;
			sourceTree = "<group>";
		};
/* End PBXVariantGroup section */

/* Begin XCBuildConfiguration section */
		8FE56EE71F2203E4000156C9 /* Debug */ = {
			isa = XCBuildConfiguration;
			buildSettings = {
				ALWAYS_SEARCH_USER_PATHS = NO;
				CLANG_ANALYZER_NONNULL = YES;
				CLANG_ANALYZER_NUMBER_OBJECT_CONVERSION = YES_AGGRESSIVE;
				CLANG_CXX_LANGUAGE_STANDARD = "gnu++0x";
				CLANG_CXX_LIBRARY = "libc++";
				CLANG_ENABLE_MODULES = YES;
				CLANG_ENABLE_OBJC_ARC = YES;
				CLANG_WARN_BOOL_CONVERSION = YES;
				CLANG_WARN_CONSTANT_CONVERSION = YES;
				CLANG_WARN_DIRECT_OBJC_ISA_USAGE = YES_ERROR;
				CLANG_WARN_DOCUMENTATION_COMMENTS = YES;
				CLANG_WARN_EMPTY_BODY = YES;
				CLANG_WARN_ENUM_CONVERSION = YES;
				CLANG_WARN_INFINITE_RECURSION = YES;
				CLANG_WARN_INT_CONVERSION = YES;
				CLANG_WARN_OBJC_ROOT_CLASS = YES_ERROR;
				CLANG_WARN_SUSPICIOUS_MOVE = YES;
				CLANG_WARN_UNREACHABLE_CODE = YES;
				CLANG_WARN__DUPLICATE_METHOD_MATCH = YES;
				"CODE_SIGN_IDENTITY[sdk=iphoneos*]" = "iPhone Developer";
				COPY_PHASE_STRIP = NO;
				DEBUG_INFORMATION_FORMAT = dwarf;
				ENABLE_STRICT_OBJC_MSGSEND = YES;
				ENABLE_TESTABILITY = YES;
				GCC_C_LANGUAGE_STANDARD = gnu99;
				GCC_DYNAMIC_NO_PIC = NO;
				GCC_NO_COMMON_BLOCKS = YES;
				GCC_OPTIMIZATION_LEVEL = 0;
				GCC_PREPROCESSOR_DEFINITIONS = (
					"DEBUG=1",
					"$(inherited)",
				);
				GCC_WARN_64_TO_32_BIT_CONVERSION = YES;
				GCC_WARN_ABOUT_RETURN_TYPE = YES_ERROR;
				GCC_WARN_UNDECLARED_SELECTOR = YES;
				GCC_WARN_UNINITIALIZED_AUTOS = YES_AGGRESSIVE;
				GCC_WARN_UNUSED_FUNCTION = YES;
				GCC_WARN_UNUSED_VARIABLE = YES;
				IPHONEOS_DEPLOYMENT_TARGET = 10.3;
				MTL_ENABLE_DEBUG_INFO = YES;
				ONLY_ACTIVE_ARCH = YES;
				SDKROOT = iphoneos;
			};
			name = Debug;
		};
		8FE56EE81F2203E4000156C9 /* Release */ = {
			isa = XCBuildConfiguration;
			buildSettings = {
				ALWAYS_SEARCH_USER_PATHS = NO;
				CLANG_ANALYZER_NONNULL = YES;
				CLANG_ANALYZER_NUMBER_OBJECT_CONVERSION = YES_AGGRESSIVE;
				CLANG_CXX_LANGUAGE_STANDARD = "gnu++0x";
				CLANG_CXX_LIBRARY = "libc++";
				CLANG_ENABLE_MODULES = YES;
				CLANG_ENABLE_OBJC_ARC = YES;
				CLANG_WARN_BOOL_CONVERSION = YES;
				CLANG_WARN_CONSTANT_CONVERSION = YES;
				CLANG_WARN_DIRECT_OBJC_ISA_USAGE = YES_ERROR;
				CLANG_WARN_DOCUMENTATION_COMMENTS = YES;
				CLANG_WARN_EMPTY_BODY = YES;
				CLANG_WARN_ENUM_CONVERSION = YES;
				CLANG_WARN_INFINITE_RECURSION = YES;
				CLANG_WARN_INT_CONVERSION = YES;
				CLANG_WARN_OBJC_ROOT_CLASS = YES_ERROR;
				CLANG_WARN_SUSPICIOUS_MOVE = YES;
				CLANG_WARN_UNREACHABLE_CODE = YES;
				CLANG_WARN__DUPLICATE_METHOD_MATCH = YES;
				"CODE_SIGN_IDENTITY[sdk=iphoneos*]" = "iPhone Developer";
				COPY_PHASE_STRIP = NO;
				DEBUG_INFORMATION_FORMAT = "dwarf-with-dsym";
				ENABLE_NS_ASSERTIONS = NO;
				ENABLE_STRICT_OBJC_MSGSEND = YES;
				GCC_C_LANGUAGE_STANDARD = gnu99;
				GCC_NO_COMMON_BLOCKS = YES;
				GCC_WARN_64_TO_32_BIT_CONVERSION = YES;
				GCC_WARN_ABOUT_RETURN_TYPE = YES_ERROR;
				GCC_WARN_UNDECLARED_SELECTOR = YES;
				GCC_WARN_UNINITIALIZED_AUTOS = YES_AGGRESSIVE;
				GCC_WARN_UNUSED_FUNCTION = YES;
				GCC_WARN_UNUSED_VARIABLE = YES;
				IPHONEOS_DEPLOYMENT_TARGET = 10.3;
				MTL_ENABLE_DEBUG_INFO = NO;
				SDKROOT = iphoneos;
				VALIDATE_PRODUCT = YES;
			};
			name = Release;
		};
		8FE56EEA1F2203E4000156C9 /* Debug */ = {
			isa = XCBuildConfiguration;
			buildSettings = {
				ASSETCATALOG_COMPILER_APPICON_NAME = AppIcon;
				ASSETCATALOG_COMPILER_LAUNCHIMAGE_NAME = LaunchImage;
				DEVELOPMENT_TEAM = 989RB4SH37;
				INFOPLIST_FILE = weatherRadio/Info.plist;
				LD_RUNPATH_SEARCH_PATHS = "$(inherited) @executable_path/Frameworks";
				PRODUCT_BUNDLE_IDENTIFIER = backman.weatherRadio;
				PRODUCT_NAME = "$(TARGET_NAME)";
			};
			name = Debug;
		};
		8FE56EEB1F2203E4000156C9 /* Release */ = {
			isa = XCBuildConfiguration;
			buildSettings = {
				ASSETCATALOG_COMPILER_APPICON_NAME = AppIcon;
				ASSETCATALOG_COMPILER_LAUNCHIMAGE_NAME = LaunchImage;
				DEVELOPMENT_TEAM = 989RB4SH37;
				INFOPLIST_FILE = weatherRadio/Info.plist;
				LD_RUNPATH_SEARCH_PATHS = "$(inherited) @executable_path/Frameworks";
				PRODUCT_BUNDLE_IDENTIFIER = backman.weatherRadio;
				PRODUCT_NAME = "$(TARGET_NAME)";
			};
			name = Release;
		};
		8FE56EED1F2203E4000156C9 /* Debug */ = {
			isa = XCBuildConfiguration;
			buildSettings = {
				BUNDLE_LOADER = "$(TEST_HOST)";
				DEVELOPMENT_TEAM = 989RB4SH37;
				INFOPLIST_FILE = weatherRadioTests/Info.plist;
				LD_RUNPATH_SEARCH_PATHS = "$(inherited) @executable_path/Frameworks @loader_path/Frameworks";
				PRODUCT_BUNDLE_IDENTIFIER = backman.weatherRadioTests;
				PRODUCT_NAME = "$(TARGET_NAME)";
				TEST_HOST = "$(BUILT_PRODUCTS_DIR)/weatherRadio.app/weatherRadio";
			};
			name = Debug;
		};
		8FE56EEE1F2203E4000156C9 /* Release */ = {
			isa = XCBuildConfiguration;
			buildSettings = {
				BUNDLE_LOADER = "$(TEST_HOST)";
				DEVELOPMENT_TEAM = 989RB4SH37;
				INFOPLIST_FILE = weatherRadioTests/Info.plist;
				LD_RUNPATH_SEARCH_PATHS = "$(inherited) @executable_path/Frameworks @loader_path/Frameworks";
				PRODUCT_BUNDLE_IDENTIFIER = backman.weatherRadioTests;
				PRODUCT_NAME = "$(TARGET_NAME)";
				TEST_HOST = "$(BUILT_PRODUCTS_DIR)/weatherRadio.app/weatherRadio";
			};
			name = Release;
		};
/* End XCBuildConfiguration section */

/* Begin XCConfigurationList section */
		8FE56EBF1F2203E4000156C9 /* Build configuration list for PBXProject "weatherRadio" */ = {
			isa = XCConfigurationList;
			buildConfigurations = (
				8FE56EE71F2203E4000156C9 /* Debug */,
				8FE56EE81F2203E4000156C9 /* Release */,
			);
			defaultConfigurationIsVisible = 0;
			defaultConfigurationName = Release;
		};
		8FE56EE91F2203E4000156C9 /* Build configuration list for PBXNativeTarget "weatherRadio" */ = {
			isa = XCConfigurationList;
			buildConfigurations = (
				8FE56EEA1F2203E4000156C9 /* Debug */,
				8FE56EEB1F2203E4000156C9 /* Release */,
			);
			defaultConfigurationIsVisible = 0;
			defaultConfigurationName = Release;
		};
		8FE56EEC1F2203E4000156C9 /* Build configuration list for PBXNativeTarget "weatherRadioTests" */ = {
			isa = XCConfigurationList;
			buildConfigurations = (
				8FE56EED1F2203E4000156C9 /* Debug */,
				8FE56EEE1F2203E4000156C9 /* Release */,
			);
			defaultConfigurationIsVisible = 0;
			defaultConfigurationName = Release;
		};
/* End XCConfigurationList section */

/* Begin XCVersionGroup section */
		8FE56ED31F2203E4000156C9 /* weatherRadio.xcdatamodeld */ = {
			isa = XCVersionGroup;
			children = (
				8FE56ED41F2203E4000156C9 /* weatherRadio.xcdatamodel */,
			);
			currentVersion = 8FE56ED41F2203E4000156C9 /* weatherRadio.xcdatamodel */;
			path = weatherRadio.xcdatamodeld;
			sourceTree = "<group>";
			versionGroupType = wrapper.xcdatamodel;
		};
/* End XCVersionGroup section */
	};
	rootObject = 8FE56EBC1F2203E4000156C9 /* Project object */;
}
